Microsoft Visual Studio Solution File, Format Version 12.00
# Visual Studio Version 17
VisualStudioVersion = 17.5.2.0
MinimumVisualStudioVersion = 10.0.40219.1
Project("{FAE04EC0-301F-11D3-BF4B-00C04F79EFBC}") = "NoteCodeApi", "NoteCodeApi.csproj", "{32831A77-1A14-9324-4909-5A1B204DCB97}"
EndProject
Global
	GlobalSection(SolutionConfigurationPlatforms) = preSolution
		Debug|Any CPU = Debug|Any CPU
		Release|Any CPU = Release|Any CPU
	EndGlobalSection
	GlobalSection(ProjectConfigurationPlatforms) = postSolution
		{32831A77-1A14-9324-4909-5A1B204DCB97}.Debug|Any CPU.ActiveCfg = Debug|Any CPU
		{32831A77-1A14-9324-4909-5A1B204DCB97}.Debug|Any CPU.Build.0 = Debug|Any CPU
		{32831A77-1A14-9324-4909-5A1B204DCB97}.Release|Any CPU.ActiveCfg = Release|Any CPU
		{32831A77-1A14-9324-4909-5A1B204DCB97}.Release|Any CPU.Build.0 = Release|Any CPU
	EndGlobalSection
	GlobalSection(SolutionProperties) = preSolution
		HideSolutionNode = FALSE
	EndGlobalSection
	GlobalSection(ExtensibilityGlobals) = postSolution
		SolutionGuid = {5A18DB03-30FA-4989-9F0A-2B45F7F036C2}
	EndGlobalSection
EndGlobal
